
Microsoft Visual Studio Solution File, Format Version 12.00
# Visual Studio Version 17
VisualStudioVersion = 17.2.32602.215
MinimumVisualStudioVersion = 10.0.40219.1
Project("{FAE04EC0-301F-11D3-BF4B-00C04F79EFBC}") = "Infrastructure", "Infrastructure\Infrastructure.csproj", "{3A59C8B1-D4A5-425E-9873-036D6D899CE3}"
EndProject
Project("{FAE04EC0-301F-11D3-BF4B-00C04F79EFBC}") = "Domain", "Domain\Domain.csproj", "{E3584C7E-D681-463C-9004-3E98DCADCBD7}"
EndProject
Project("{FAE04EC0-301F-11D3-BF4B-00C04F79EFBC}") = "Application", "Application\Application.csproj", "{8024D1F8-58DD-48B8-9C4D-9FFF2F7E2099}"
EndProject
Project("{FAE04EC0-301F-11D3-BF4B-00C04F79EFBC}") = "Presentation", "Presentation\Presentation.csproj", "{74000732-3D8D-4741-906D-783FD6D3BA82}"
EndProject
Global
	GlobalSection(SolutionConfigurationPlatforms) = preSolution
		Debug|Any CPU = Debug|Any CPU
		Release|Any CPU = Release|Any CPU
	EndGlobalSection
	GlobalSection(ProjectConfigurationPlatforms) = postSolution
		{3A59C8B1-D4A5-425E-9873-036D6D899CE3}.Debug|Any CPU.ActiveCfg = Debug|Any CPU
		{3A59C8B1-D4A5-425E-9873-036D6D899CE3}.Debug|Any CPU.Build.0 = Debug|Any CPU
		{3A59C8B1-D4A5-425E-9873-036D6D899CE3}.Release|Any CPU.ActiveCfg = Release|Any CPU
		{3A59C8B1-D4A5-425E-9873-036D6D899CE3}.Release|Any CPU.Build.0 = Release|Any CPU
		{E3584C7E-D681-463C-9004-3E98DCADCBD7}.Debug|Any CPU.ActiveCfg = Debug|Any CPU
		{E3584C7E-D681-463C-9004-3E98DCADCBD7}.Debug|Any CPU.Build.0 = Debug|Any CPU
		{E3584C7E-D681-463C-9004-3E98DCADCBD7}.Release|Any CPU.ActiveCfg = Release|Any CPU
		{E3584C7E-D681-463C-9004-3E98DCADCBD7}.Release|Any CPU.Build.0 = Release|Any CPU
		{8024D1F8-58DD-48B8-9C4D-9FFF2F7E2099}.Debug|Any CPU.ActiveCfg = Debug|Any CPU
		{8024D1F8-58DD-48B8-9C4D-9FFF2F7E2099}.Debug|Any CPU.Build.0 = Debug|Any CPU
		{8024D1F8-58DD-48B8-9C4D-9FFF2F7E2099}.Release|Any CPU.ActiveCfg = Release|Any CPU
		{8024D1F8-58DD-48B8-9C4D-9FFF2F7E2099}.Release|Any CPU.Build.0 = Release|Any CPU
		{74000732-3D8D-4741-906D-783FD6D3BA82}.Debug|Any CPU.ActiveCfg = Debug|Any CPU
		{74000732-3D8D-4741-906D-783FD6D3BA82}.Debug|Any CPU.Build.0 = Debug|Any CPU
		{74000732-3D8D-4741-906D-783FD6D3BA82}.Release|Any CPU.ActiveCfg = Release|Any CPU
		{74000732-3D8D-4741-906D-783FD6D3BA82}.Release|Any CPU.Build.0 = Release|Any CPU
	EndGlobalSection
	GlobalSection(SolutionProperties) = preSolution
		HideSolutionNode = FALSE
	EndGlobalSection
	GlobalSection(ExtensibilityGlobals) = postSolution
		SolutionGuid = {99D24BAF-D263-4456-95A1-31B3B34F6DCE}
	EndGlobalSection
EndGlobal
